// !$*UTF8*$!
{
	archiveVersion = 1;
	classes = {
	};
	objectVersion = 56;
	objects = {

/* Begin PBXBuildFile section */
		E2D41701292E15C600138374 /* Smart_Light_Client_SolutionApp.swift in Sources */ = {isa = PBXBuildFile; fileRef = E2D41700292E15C600138374 /* Smart_Light_Client_SolutionApp.swift */; };
		E2D41703292E15C600138374 /* ContentView.swift in Sources */ = {isa = PBXBuildFile; fileRef = E2D41702292E15C600138374 /* ContentView.swift */; };
		E2D41705292E15C700138374 /* Assets.xcassets in Resources */ = {isa = PBXBuildFile; fileRef = E2D41704292E15C700138374 /* Assets.xcassets */; };
		E2D41708292E15C700138374 /* Preview Assets.xcassets in Resources */ = {isa = PBXBuildFile; fileRef = E2D41707292E15C700138374 /* Preview Assets.xcassets */; };
		E2D41710292E15F900138374 /* HomeView.swift in Sources */ = {isa = PBXBuildFile; fileRef = E2D4170F292E15F900138374 /* HomeView.swift */; };
		E2D41712292E161000138374 /* DiscoverView.swift in Sources */ = {isa = PBXBuildFile; fileRef = E2D41711292E161000138374 /* DiscoverView.swift */; };
		E2D41714292E162100138374 /* FAQView.swift in Sources */ = {isa = PBXBuildFile; fileRef = E2D41713292E162100138374 /* FAQView.swift */; };
		E2D41716292E162D00138374 /* ProfileView.swift in Sources */ = {isa = PBXBuildFile; fileRef = E2D41715292E162D00138374 /* ProfileView.swift */; };
		E2D41719292E166C00138374 /* UserModel.swift in Sources */ = {isa = PBXBuildFile; fileRef = E2D41718292E166C00138374 /* UserModel.swift */; };
		E2D4171B292E169A00138374 /* DeviceModel.swift in Sources */ = {isa = PBXBuildFile; fileRef = E2D4171A292E169A00138374 /* DeviceModel.swift */; };
		E2D4171E292E16CA00138374 /* BackendSettings.swift in Sources */ = {isa = PBXBuildFile; fileRef = E2D4171D292E16CA00138374 /* BackendSettings.swift */; };
		E2D41723292E1DCF00138374 /* GoogleService-Info.plist in Resources */ = {isa = PBXBuildFile; fileRef = E2D41722292E1DCF00138374 /* GoogleService-Info.plist */; };
		E2D41725292E217F00138374 /* LoginView.swift in Sources */ = {isa = PBXBuildFile; fileRef = E2D41724292E217F00138374 /* LoginView.swift */; };
		E2D41727292E218900138374 /* RegisterView.swift in Sources */ = {isa = PBXBuildFile; fileRef = E2D41726292E218900138374 /* RegisterView.swift */; };
/* End PBXBuildFile section */

/* Begin PBXFileReference section */
		E2D416FD292E15C600138374 /* Smart-Light-Client-Solution.app */ = {isa = PBXFileReference; explicitFileType = wrapper.application; includeInIndex = 0; path = "Smart-Light-Client-Solution.app"; sourceTree = BUILT_PRODUCTS_DIR; };
		E2D41700292E15C600138374 /* Smart_Light_Client_SolutionApp.swift */ = {isa = PBXFileReference; lastKnownFileType = sourcecode.swift; path = Smart_Light_Client_SolutionApp.swift; sourceTree = "<group>"; };
		E2D41702292E15C600138374 /* ContentView.swift */ = {isa = PBXFileReference; lastKnownFileType = sourcecode.swift; path = ContentView.swift; sourceTree = "<group>"; };
		E2D41704292E15C700138374 /* Assets.xcassets */ = {isa = PBXFileReference; lastKnownFileType = folder.assetcatalog; path = Assets.xcassets; sourceTree = "<group>"; };
		E2D41707292E15C700138374 /* Preview Assets.xcassets */ = {isa = PBXFileReference; lastKnownFileType = folder.assetcatalog; path = "Preview Assets.xcassets"; sourceTree = "<group>"; };
		E2D4170F292E15F900138374 /* HomeView.swift */ = {isa = PBXFileReference; lastKnownFileType = sourcecode.swift; path = HomeView.swift; sourceTree = "<group>"; };
		E2D41711292E161000138374 /* DiscoverView.swift */ = {isa = PBXFileReference; lastKnownFileType = sourcecode.swift; path = DiscoverView.swift; sourceTree = "<group>"; };
		E2D41713292E162100138374 /* FAQView.swift */ = {isa = PBXFileReference; lastKnownFileType = sourcecode.swift; path = FAQView.swift; sourceTree = "<group>"; };
		E2D41715292E162D00138374 /* ProfileView.swift */ = {isa = PBXFileReference; lastKnownFileType = sourcecode.swift; path = ProfileView.swift; sourceTree = "<group>"; };
		E2D41718292E166C00138374 /* UserModel.swift */ = {isa = PBXFileReference; lastKnownFileType = sourcecode.swift; path = UserModel.swift; sourceTree = "<group>"; };
		E2D4171A292E169A00138374 /* DeviceModel.swift */ = {isa = PBXFileReference; lastKnownFileType = sourcecode.swift; path = DeviceModel.swift; sourceTree = "<group>"; };
		E2D4171D292E16CA00138374 /* BackendSettings.swift */ = {isa = PBXFileReference; lastKnownFileType = sourcecode.swift; path = BackendSettings.swift; sourceTree = "<group>"; };
		E2D41722292E1DCF00138374 /* GoogleService-Info.plist */ = {isa = PBXFileReference; fileEncoding = 4; lastKnownFileType = text.plist.xml; name = "GoogleService-Info.plist"; path = "../../../../Downloads/GoogleService-Info.plist"; sourceTree = "<group>"; };
		E2D41724292E217F00138374 /* LoginView.swift */ = {isa = PBXFileReference; lastKnownFileType = sourcecode.swift; path = LoginView.swift; sourceTree = "<group>"; };
		E2D41726292E218900138374 /* RegisterView.swift */ = {isa = PBXFileReference; lastKnownFileType = sourcecode.swift; path = RegisterView.swift; sourceTree = "<group>"; };
/* End PBXFileReference section */

/* Begin PBXFrameworksBuildPhase section */
		E2D416FA292E15C600138374 /* Frameworks */ = {
			isa = PBXFrameworksBuildPhase;
			buildActionMask = 2147483647;
			files = (
			);
			runOnlyForDeploymentPostprocessing = 0;
		};
/* End PBXFrameworksBuildPhase section */

/* Begin PBXGroup section */
		E2D416F4292E15C600138374 = {
			isa = PBXGroup;
			children = (
				E2D416FF292E15C600138374 /* Smart-Light-Client-Solution */,
				E2D416FE292E15C600138374 /* Products */,
			);
			sourceTree = "<group>";
		};
		E2D416FE292E15C600138374 /* Products */ = {
			isa = PBXGroup;
			children = (
				E2D416FD292E15C600138374 /* Smart-Light-Client-Solution.app */,
			);
			name = Products;
			sourceTree = "<group>";
		};
		E2D416FF292E15C600138374 /* Smart-Light-Client-Solution */ = {
			isa = PBXGroup;
			children = (
				E2D4171C292E16B800138374 /* Data */,
				E2D41717292E165400138374 /* Models */,
				E2D4170E292E15EE00138374 /* Views */,
				E2D41700292E15C600138374 /* Smart_Light_Client_SolutionApp.swift */,
				E2D41702292E15C600138374 /* ContentView.swift */,
				E2D41704292E15C700138374 /* Assets.xcassets */,
				E2D41706292E15C700138374 /* Preview Content */,
			);
			path = "Smart-Light-Client-Solution";
			sourceTree = "<group>";
		};
		E2D41706292E15C700138374 /* Preview Content */ = {
			isa = PBXGroup;
			children = (
				E2D41707292E15C700138374 /* Preview Assets.xcassets */,
			);
			path = "Preview Content";
			sourceTree = "<group>";
		};
		E2D4170E292E15EE00138374 /* Views */ = {
			isa = PBXGroup;
			children = (
				E2D4170F292E15F900138374 /* HomeView.swift */,
				E2D41711292E161000138374 /* DiscoverView.swift */,
				E2D41713292E162100138374 /* FAQView.swift */,
				E2D41715292E162D00138374 /* ProfileView.swift */,
				E2D41724292E217F00138374 /* LoginView.swift */,
				E2D41726292E218900138374 /* RegisterView.swift */,
			);
			path = Views;
			sourceTree = "<group>";
		};
		E2D41717292E165400138374 /* Models */ = {
			isa = PBXGroup;
			children = (
				E2D41718292E166C00138374 /* UserModel.swift */,
				E2D4171A292E169A00138374 /* DeviceModel.swift */,
			);
			path = Models;
			sourceTree = "<group>";
		};
		E2D4171C292E16B800138374 /* Data */ = {
			isa = PBXGroup;
			children = (
				E2D41722292E1DCF00138374 /* GoogleService-Info.plist */,
				E2D4171D292E16CA00138374 /* BackendSettings.swift */,
			);
			path = Data;
			sourceTree = "<group>";
		};
/* End PBXGroup section */

/* Begin PBXNativeTarget section */
		E2D416FC292E15C600138374 /* Smart-Light-Client-Solution */ = {
			isa = PBXNativeTarget;
			buildConfigurationList = E2D4170B292E15C700138374 /* Build configuration list for PBXNativeTarget "Smart-Light-Client-Solution" */;
			buildPhases = (
				E2D416F9292E15C600138374 /* Sources */,
				E2D416FA292E15C600138374 /* Frameworks */,
				E2D416FB292E15C600138374 /* Resources */,
			);
			buildRules = (
			);
			dependencies = (
			);
			name = "Smart-Light-Client-Solution";
			productName = "Smart-Light-Client-Solution";
			productReference = E2D416FD292E15C600138374 /* Smart-Light-Client-Solution.app */;
			productType = "com.apple.product-type.application";
		};
/* End PBXNativeTarget section */

/* Begin PBXProject section */
		E2D416F5292E15C600138374 /* Project object */ = {
			isa = PBXProject;
			attributes = {
				BuildIndependentTargetsInParallel = 1;
				LastSwiftUpdateCheck = 1410;
				LastUpgradeCheck = 1410;
				TargetAttributes = {
					E2D416FC292E15C600138374 = {
						CreatedOnToolsVersion = 14.1;
					};
				};
			};
			buildConfigurationList = E2D416F8292E15C600138374 /* Build configuration list for PBXProject "Smart-Light-Client-Solution" */;
			compatibilityVersion = "Xcode 14.0";
			developmentRegion = en;
			hasScannedForEncodings = 0;
			knownRegions = (
				en,
				Base,
			);
			mainGroup = E2D416F4292E15C600138374;
			productRefGroup = E2D416FE292E15C600138374 /* Products */;
			projectDirPath = "";
			projectRoot = "";
			targets = (
				E2D416FC292E15C600138374 /* Smart-Light-Client-Solution */,
			);
		};
/* End PBXProject section */

/* Begin PBXResourcesBuildPhase section */
		E2D416FB292E15C600138374 /* Resources */ = {
			isa = PBXResourcesBuildPhase;
			buildActionMask = 2147483647;
			files = (
				E2D41708292E15C700138374 /* Preview Assets.xcassets in Resources */,
				E2D41705292E15C700138374 /* Assets.xcassets in Resources */,
				E2D41723292E1DCF00138374 /* GoogleService-Info.plist in Resources */,
			);
			runOnlyForDeploymentPostprocessing = 0;
		};
/* End PBXResourcesBuildPhase section */

/* Begin PBXSourcesBuildPhase section */
		E2D416F9292E15C600138374 /* Sources */ = {
			isa = PBXSourcesBuildPhase;
			buildActionMask = 2147483647;
			files = (
				E2D41727292E218900138374 /* RegisterView.swift in Sources */,
				E2D41710292E15F900138374 /* HomeView.swift in Sources */,
				E2D41719292E166C00138374 /* UserModel.swift in Sources */,
				E2D41703292E15C600138374 /* ContentView.swift in Sources */,
				E2D41701292E15C600138374 /* Smart_Light_Client_SolutionApp.swift in Sources */,
				E2D41714292E162100138374 /* FAQView.swift in Sources */,
				E2D4171B292E169A00138374 /* DeviceModel.swift in Sources */,
				E2D41716292E162D00138374 /* ProfileView.swift in Sources */,
				E2D41712292E161000138374 /* DiscoverView.swift in Sources */,
				E2D41725292E217F00138374 /* LoginView.swift in Sources */,
				E2D4171E292E16CA00138374 /* BackendSettings.swift in Sources */,
			);
			runOnlyForDeploymentPostprocessing = 0;
		};
/* End PBXSourcesBuildPhase section */

/* Begin XCBuildConfiguration section */
		E2D41709292E15C700138374 /* Debug */ = {
			isa = XCBuildConfiguration;
			buildSettings = {
				ALWAYS_SEARCH_USER_PATHS = NO;
				CLANG_ANALYZER_NONNULL = YES;
				CLANG_ANALYZER_NUMBER_OBJECT_CONVERSION = YES_AGGRESSIVE;
				CLANG_CXX_LANGUAGE_STANDARD = "gnu++20";
				CLANG_ENABLE_MODULES = YES;
				CLANG_ENABLE_OBJC_ARC = YES;
				CLANG_ENABLE_OBJC_WEAK = YES;
				CLANG_WARN_BLOCK_CAPTURE_AUTORELEASING = YES;
				CLANG_WARN_BOOL_CONVERSION = YES;
				CLANG_WARN_COMMA = YES;
				CLANG_WARN_CONSTANT_CONVERSION = YES;
				CLANG_WARN_DEPRECATED_OBJC_IMPLEMENTATIONS = YES;
				CLANG_WARN_DIRECT_OBJC_ISA_USAGE = YES_ERROR;
				CLANG_WARN_DOCUMENTATION_COMMENTS = YES;
				CLANG_WARN_EMPTY_BODY = YES;
				CLANG_WARN_ENUM_CONVERSION = YES;
				CLANG_WARN_INFINITE_RECURSION = YES;
				CLANG_WARN_INT_CONVERSION = YES;
				CLANG_WARN_NON_LITERAL_NULL_CONVERSION = YES;
				CLANG_WARN_OBJC_IMPLICIT_RETAIN_SELF = YES;
				CLANG_WARN_OBJC_LITERAL_CONVERSION = YES;
				CLANG_WARN_OBJC_ROOT_CLASS = YES_ERROR;
				CLANG_WARN_QUOTED_INCLUDE_IN_FRAMEWORK_HEADER = YES;
				CLANG_WARN_RANGE_LOOP_ANALYSIS = YES;
				CLANG_WARN_STRICT_PROTOTYPES = YES;
				CLANG_WARN_SUSPICIOUS_MOVE = YES;
				CLANG_WARN_UNGUARDED_AVAILABILITY = YES_AGGRESSIVE;
				CLANG_WARN_UNREACHABLE_CODE = YES;
				CLANG_WARN__DUPLICATE_METHOD_MATCH = YES;
				COPY_PHASE_STRIP = NO;
				DEBUG_INFORMATION_FORMAT = dwarf;
				ENABLE_STRICT_OBJC_MSGSEND = YES;
				ENABLE_TESTABILITY = YES;
				GCC_C_LANGUAGE_STANDARD = gnu11;
				GCC_DYNAMIC_NO_PIC = NO;
				GCC_NO_COMMON_BLOCKS = YES;
				GCC_OPTIMIZATION_LEVEL = 0;
				GCC_PREPROCESSOR_DEFINITIONS = (
					"DEBUG=1",
					"$(inherited)",
				);
				GCC_WARN_64_TO_32_BIT_CONVERSION = YES;
				GCC_WARN_ABOUT_RETURN_TYPE = YES_ERROR;
				GCC_WARN_UNDECLARED_SELECTOR = YES;
				GCC_WARN_UNINITIALIZED_AUTOS = YES_AGGRESSIVE;
				GCC_WARN_UNUSED_FUNCTION = YES;
				GCC_WARN_UNUSED_VARIABLE = YES;
				IPHONEOS_DEPLOYMENT_TARGET = 16.1;
				MTL_ENABLE_DEBUG_INFO = INCLUDE_SOURCE;
				MTL_FAST_MATH = YES;
				ONLY_ACTIVE_ARCH = YES;
				SDKROOT = iphoneos;
				SWIFT_ACTIVE_COMPILATION_CONDITIONS = DEBUG;
				SWIFT_OPTIMIZATION_LEVEL = "-Onone";
			};
			name = Debug;
		};
		E2D4170A292E15C700138374 /* Release */ = {
			isa = XCBuildConfiguration;
			buildSettings = {
				ALWAYS_SEARCH_USER_PATHS = NO;
				CLANG_ANALYZER_NONNULL = YES;
				CLANG_ANALYZER_NUMBER_OBJECT_CONVERSION = YES_AGGRESSIVE;
				CLANG_CXX_LANGUAGE_STANDARD = "gnu++20";
				CLANG_ENABLE_MODULES = YES;
				CLANG_ENABLE_OBJC_ARC = YES;
				CLANG_ENABLE_OBJC_WEAK = YES;
				CLANG_WARN_BLOCK_CAPTURE_AUTORELEASING = YES;
				CLANG_WARN_BOOL_CONVERSION = YES;
				CLANG_WARN_COMMA = YES;
				CLANG_WARN_CONSTANT_CONVERSION = YES;
				CLANG_WARN_DEPRECATED_OBJC_IMPLEMENTATIONS = YES;
				CLANG_WARN_DIRECT_OBJC_ISA_USAGE = YES_ERROR;
				CLANG_WARN_DOCUMENTATION_COMMENTS = YES;
				CLANG_WARN_EMPTY_BODY = YES;
				CLANG_WARN_ENUM_CONVERSION = YES;
				CLANG_WARN_INFINITE_RECURSION = YES;
				CLANG_WARN_INT_CONVERSION = YES;
				CLANG_WARN_NON_LITERAL_NULL_CONVERSION = YES;
				CLANG_WARN_OBJC_IMPLICIT_RETAIN_SELF = YES;
				CLANG_WARN_OBJC_LITERAL_CONVERSION = YES;
				CLANG_WARN_OBJC_ROOT_CLASS = YES_ERROR;
				CLANG_WARN_QUOTED_INCLUDE_IN_FRAMEWORK_HEADER = YES;
				CLANG_WARN_RANGE_LOOP_ANALYSIS = YES;
				CLANG_WARN_STRICT_PROTOTYPES = YES;
				CLANG_WARN_SUSPICIOUS_MOVE = YES;
				CLANG_WARN_UNGUARDED_AVAILABILITY = YES_AGGRESSIVE;
				CLANG_WARN_UNREACHABLE_CODE = YES;
				CLANG_WARN__DUPLICATE_METHOD_MATCH = YES;
				COPY_PHASE_STRIP = NO;
				DEBUG_INFORMATION_FORMAT = "dwarf-with-dsym";
				ENABLE_NS_ASSERTIONS = NO;
				ENABLE_STRICT_OBJC_MSGSEND = YES;
				GCC_C_LANGUAGE_STANDARD = gnu11;
				GCC_NO_COMMON_BLOCKS = YES;
				GCC_WARN_64_TO_32_BIT_CONVERSION = YES;
				GCC_WARN_ABOUT_RETURN_TYPE = YES_ERROR;
				GCC_WARN_UNDECLARED_SELECTOR = YES;
				GCC_WARN_UNINITIALIZED_AUTOS = YES_AGGRESSIVE;
				GCC_WARN_UNUSED_FUNCTION = YES;
				GCC_WARN_UNUSED_VARIABLE = YES;
				IPHONEOS_DEPLOYMENT_TARGET = 16.1;
				MTL_ENABLE_DEBUG_INFO = NO;
				MTL_FAST_MATH = YES;
				SDKROOT = iphoneos;
				SWIFT_COMPILATION_MODE = wholemodule;
				SWIFT_OPTIMIZATION_LEVEL = "-O";
				VALIDATE_PRODUCT = YES;
			};
			name = Release;
		};
		E2D4170C292E15C700138374 /* Debug */ = {
			isa = XCBuildConfiguration;
			buildSettings = {
				ASSETCATALOG_COMPILER_APPICON_NAME = AppIcon;
				ASSETCATALOG_COMPILER_GLOBAL_ACCENT_COLOR_NAME = AccentColor;
				CODE_SIGN_STYLE = Automatic;
				CURRENT_PROJECT_VERSION = 1;
				DEVELOPMENT_ASSET_PATHS = "\"Smart-Light-Client-Solution/Preview Content\"";
				DEVELOPMENT_TEAM = C42FK5XNY7;
				ENABLE_PREVIEWS = YES;
				GENERATE_INFOPLIST_FILE = YES;
				INFOPLIST_KEY_UIApplicationSceneManifest_Generation = YES;
				INFOPLIST_KEY_UIApplicationSupportsIndirectInputEvents = YES;
				INFOPLIST_KEY_UILaunchScreen_Generation = YES;
				INFOPLIST_KEY_UISupportedInterfaceOrientations_iPad = "UIInterfaceOrientationPortrait UIInterfaceOrientationPortraitUpsideDown UIInterfaceOrientationLandscapeLeft UIInterfaceOrientationLandscapeRight";
				INFOPLIST_KEY_UISupportedInterfaceOrientations_iPhone = "UIInterfaceOrientationPortrait UIInterfaceOrientationLandscapeLeft UIInterfaceOrientationLandscapeRight";
				LD_RUNPATH_SEARCH_PATHS = (
					"$(inherited)",
					"@executable_path/Frameworks",
				);
				MARKETING_VERSION = 1.0;
				PRODUCT_BUNDLE_IDENTIFIER = "Kateridzhe.Smart-Light-Client-Solution";
				PRODUCT_NAME = "$(TARGET_NAME)";
				SWIFT_EMIT_LOC_STRINGS = YES;
				SWIFT_VERSION = 5.0;
				TARGETED_DEVICE_FAMILY = "1,2";
			};
			name = Debug;
		};
		E2D4170D292E15C700138374 /* Release */ = {
			isa = XCBuildConfiguration;
			buildSettings = {
				ASSETCATALOG_COMPILER_APPICON_NAME = AppIcon;
				ASSETCATALOG_COMPILER_GLOBAL_ACCENT_COLOR_NAME = AccentColor;
				CODE_SIGN_STYLE = Automatic;
				CURRENT_PROJECT_VERSION = 1;
				DEVELOPMENT_ASSET_PATHS = "\"Smart-Light-Client-Solution/Preview Content\"";
				DEVELOPMENT_TEAM = C42FK5XNY7;
				ENABLE_PREVIEWS = YES;
				GENERATE_INFOPLIST_FILE = YES;
				INFOPLIST_KEY_UIApplicationSceneManifest_Generation = YES;
				INFOPLIST_KEY_UIApplicationSupportsIndirectInputEvents = YES;
				INFOPLIST_KEY_UILaunchScreen_Generation = YES;
				INFOPLIST_KEY_UISupportedInterfaceOrientations_iPad = "UIInterfaceOrientationPortrait UIInterfaceOrientationPortraitUpsideDown UIInterfaceOrientationLandscapeLeft UIInterfaceOrientationLandscapeRight";
				INFOPLIST_KEY_UISupportedInterfaceOrientations_iPhone = "UIInterfaceOrientationPortrait UIInterfaceOrientationLandscapeLeft UIInterfaceOrientationLandscapeRight";
				LD_RUNPATH_SEARCH_PATHS = (
					"$(inherited)",
					"@executable_path/Frameworks",
				);
				MARKETING_VERSION = 1.0;
				PRODUCT_BUNDLE_IDENTIFIER = "Kateridzhe.Smart-Light-Client-Solution";
				PRODUCT_NAME = "$(TARGET_NAME)";
				SWIFT_EMIT_LOC_STRINGS = YES;
				SWIFT_VERSION = 5.0;
				TARGETED_DEVICE_FAMILY = "1,2";
			};
			name = Release;
		};
/* End XCBuildConfiguration section */

/* Begin XCConfigurationList section */
		E2D416F8292E15C600138374 /* Build configuration list for PBXProject "Smart-Light-Client-Solution" */ = {
			isa = XCConfigurationList;
			buildConfigurations = (
				E2D41709292E15C700138374 /* Debug */,
				E2D4170A292E15C700138374 /* Release */,
			);
			defaultConfigurationIsVisible = 0;
			defaultConfigurationName = Release;
		};
		E2D4170B292E15C700138374 /* Build configuration list for PBXNativeTarget "Smart-Light-Client-Solution" */ = {
			isa = XCConfigurationList;
			buildConfigurations = (
				E2D4170C292E15C700138374 /* Debug */,
				E2D4170D292E15C700138374 /* Release */,
			);
			defaultConfigurationIsVisible = 0;
			defaultConfigurationName = Release;
		};
/* End XCConfigurationList section */
	};
	rootObject = E2D416F5292E15C600138374 /* Project object */;
}
